
Microsoft Visual Studio Solution File, Format Version 12.00
# Visual Studio Version 17
VisualStudioVersion = 17.3.32922.545
MinimumVisualStudioVersion = 10.0.40219.1
Project("{FAE04EC0-301F-11D3-BF4B-00C04F79EFBC}") = "BinarySearchTree_046", "BinarySearchTree_046\BinarySearchTree_046.csproj", "{2A922B58-7E6B-44E6-9C87-E902907CBA05}"
EndProject
Global
	GlobalSection(SolutionConfigurationPlatforms) = preSolution
		Debug|Any CPU = Debug|Any CPU
		Release|Any CPU = Release|Any CPU
	EndGlobalSection
	GlobalSection(ProjectConfigurationPlatforms) = postSolution
		{2A922B58-7E6B-44E6-9C87-E902907CBA05}.Debug|Any CPU.ActiveCfg = Debug|Any CPU
		{2A922B58-7E6B-44E6-9C87-E902907CBA05}.Debug|Any CPU.Build.0 = Debug|Any CPU
		{2A922B58-7E6B-44E6-9C87-E902907CBA05}.Release|Any CPU.ActiveCfg = Release|Any CPU
		{2A922B58-7E6B-44E6-9C87-E902907CBA05}.Release|Any CPU.Build.0 = Release|Any CPU
	EndGlobalSection
	GlobalSection(SolutionProperties) = preSolution
		HideSolutionNode = FALSE
	EndGlobalSection
	GlobalSection(ExtensibilityGlobals) = postSolution
		SolutionGuid = {ECA75351-F5B6-49FC-9FDB-63EB59261A93}
	EndGlobalSection
EndGlobal
